{
  "version": 4,
  "terraform_version": "0.15.3",
  "serial": 15,
  "lineage": "7b0b40bf-6d27-dd6d-e2a5-5d610a949b47",
  "outputs": {},
  "resources": [
    {
      "mode": "managed",
      "type": "aws_instance",
      "name": "es-jenkins-az1",
      "provider": "provider[\"registry.terraform.io/hashicorp/aws\"]",
      "instances": [
        {
          "status": "tainted",
          "schema_version": 1,
          "attributes": {
            "ami": "ami-0dc2d3e4c0f9ebd18",
            "arn": "arn:aws:ec2:us-east-1:335010663577:instance/i-0f45f3157cf895770",
            "associate_public_ip_address": true,
            "availability_zone": "us-east-1c",
            "capacity_reservation_specification": [
              {
                "capacity_reservation_preference": "open",
                "capacity_reservation_target": []
              }
            ],
            "cpu_core_count": 1,
            "cpu_threads_per_core": 1,
            "credit_specification": [
              {
                "cpu_credits": "standard"
              }
            ],
            "disable_api_termination": false,
            "ebs_block_device": [],
            "ebs_optimized": false,
            "enclave_options": [
              {
                "enabled": false
              }
            ],
            "ephemeral_block_device": [],
            "get_password_data": false,
            "hibernation": false,
            "host_id": null,
            "iam_instance_profile": "test-role",
            "id": "i-0f45f3157cf895770",
            "instance_initiated_shutdown_behavior": "stop",
            "instance_state": "running",
            "instance_type": "t2.micro",
            "ipv6_address_count": 0,
            "ipv6_addresses": [],
            "key_name": "test-jenkins",
            "metadata_options": [
              {
                "http_endpoint": "enabled",
                "http_put_response_hop_limit": 1,
                "http_tokens": "optional"
              }
            ],
            "monitoring": true,
            "network_interface": [],
            "outpost_arn": "",
            "password_data": "",
            "placement_group": "",
            "primary_network_interface_id": "eni-04c10202bf848dce8",
            "private_dns": "ip-172-31-46-247.ec2.internal",
            "private_ip": "172.31.46.247",
            "public_dns": "ec2-54-236-237-89.compute-1.amazonaws.com",
            "public_ip": "54.236.237.89",
            "root_block_device": [
              {
                "delete_on_termination": true,
                "device_name": "/dev/xvda",
                "encrypted": false,
                "iops": 100,
                "kms_key_id": "",
                "tags": null,
                "throughput": 0,
                "volume_id": "vol-031b685b733f6e21b",
                "volume_size": 8,
                "volume_type": "gp2"
              }
            ],
            "secondary_private_ips": [],
            "security_groups": [
              "launch-wizard-3"
            ],
            "source_dest_check": true,
            "subnet_id": "subnet-5107040c",
            "tags": {
              "Name": "ec2-jenkins"
            },
            "tags_all": {
              "Name": "ec2-jenkins"
            },
            "tenancy": "default",
            "timeouts": null,
            "user_data": null,
            "user_data_base64": "IyEvYmluL2Jhc2gKZXhwb3J0IFBBVEg9JFBBVEg6L3Vzci9sb2NhbC9iaW4Kc3VkbyB5dW0gdXBkYXRlIC15CnN1ZG8geXVtIGluc3RhbGwgZG9ja2VyIC15CnN1ZG8gc2VydmljZSBkb2NrZXIgc3RhcnQKc3VkbyB1c2VybW9kIC1hIC1HIGRvY2tlciBlYzItdXNlcgphd3MgY29uZmlndXJlIHNldCBkZWZhdWx0LnJlZ2lvbiB1cy1lYXN0LTEKYXdzIGVjciBnZXQtbG9naW4tcGFzc3dvcmQgLS1yZWdpb24gdXMtZWFzdC0xfCBzdWRvIGRvY2tlciBsb2dpbiAtLXVzZXJuYW1lIEFXUyAtLXBhc3N3b3JkLXN0ZGluIDMzNTAxMDY2MzU3Ny5ka3IuZWNyLnVzLWVhc3QtMS5hbWF6b25hd3MuY29tCnN1ZG8gZG9ja2VyIHJ1biAtcCA1MDAwOjUwMDAgMzM1MDEwNjYzNTc3LmRrci5lY3IudXMtZWFzdC0xLmFtYXpvbmF3cy5jb20vdGVzdC1lY3ItcmVwbzoxCg==",
            "volume_tags": null,
            "vpc_security_group_ids": [
              "sg-00ec7209f00230976"
            ]
          },
          "sensitive_attributes": [],
          "private": "eyJlMmJmYjczMC1lY2FhLTExZTYtOGY4OC0zNDM2M2JjN2M0YzAiOnsiY3JlYXRlIjo2MDAwMDAwMDAwMDAsImRlbGV0ZSI6MTIwMDAwMDAwMDAwMCwidXBkYXRlIjo2MDAwMDAwMDAwMDB9LCJzY2hlbWFfdmVyc2lvbiI6IjEifQ=="
        }
      ]
    }
  ]
}
